Microsoft Visual Studio Solution File, Format Version 12.00
# Visual Studio Version 17
VisualStudioVersion = 17.5.2.0
MinimumVisualStudioVersion = 10.0.40219.1
Project("{FAE04EC0-301F-11D3-BF4B-00C04F79EFBC}") = "MyAspNetApp", "MyAspNetApp.csproj", "{982C2EC5-7FEF-3904-6B54-7031A943C4E5}"
EndProject
Global
	GlobalSection(SolutionConfigurationPlatforms) = preSolution
		Debug|Any CPU = Debug|Any CPU
		Release|Any CPU = Release|Any CPU
	EndGlobalSection
	GlobalSection(ProjectConfigurationPlatforms) = postSolution
		{982C2EC5-7FEF-3904-6B54-7031A943C4E5}.Debug|Any CPU.ActiveCfg = Debug|Any CPU
		{982C2EC5-7FEF-3904-6B54-7031A943C4E5}.Debug|Any CPU.Build.0 = Debug|Any CPU
		{982C2EC5-7FEF-3904-6B54-7031A943C4E5}.Release|Any CPU.ActiveCfg = Release|Any CPU
		{982C2EC5-7FEF-3904-6B54-7031A943C4E5}.Release|Any CPU.Build.0 = Release|Any CPU
	EndGlobalSection
	GlobalSection(SolutionProperties) = preSolution
		HideSolutionNode = FALSE
	EndGlobalSection
	GlobalSection(ExtensibilityGlobals) = postSolution
		SolutionGuid = {C17CCE0A-68D9-4D8A-AD2E-7E254A87511E}
	EndGlobalSection
EndGlobal
